<?xml version="1.0" encoding="utf-8"?>
<Project ToolsVersion="17.0" xmlns="http://schemas.microsoft.com/developer/msbuild/2003">
  <ItemGroup>
    <CustomBuild Include="C:\Users\nemanja.grgic\Documents\PROJEKTI\QR-READER-U22\build-windows\CMakeFiles\a37da0b27cc251e88351b1af11c9dc41\generate.stamp.rule">
      <Filter>CMake Rules</Filter>
    </CustomBuild>
  </ItemGroup>
  <ItemGroup>
    <Filter Include="CMake Rules">
      <UniqueIdentifier>{36DFA951-7A8E-3719-BC6E-026BCB6761BB}</UniqueIdentifier>
    </Filter>
  </ItemGroup>
</Project>
